
Microsoft Visual Studio Solution File, Format Version 12.00
# Visual Studio Version 17
VisualStudioVersion = 17.8.34408.163
MinimumVisualStudioVersion = 10.0.40219.1
Project("{2150E333-8FDC-42A3-9474-1A3956D46DE8}") = "src", "src", "{FCE01653-77CC-4363-A488-914F82730EAE}"
EndProject
Project("{FAE04EC0-301F-11D3-BF4B-00C04F79EFBC}") = "BlazingBlog.WebUI.Server", "BlazingBlog.WebUI.Server\BlazingBlog.WebUI.Server.csproj", "{31ECCBC1-0887-48AF-BD5C-FF35657058AD}"
EndProject
Project("{FAE04EC0-301F-11D3-BF4B-00C04F79EFBC}") = "BlazingBlog.Domain", "BlazingBlog.Domain\BlazingBlog.Domain.csproj", "{804C8C62-9D93-4EF1-B5DF-C5B689E934DD}"
EndProject
Project("{FAE04EC0-301F-11D3-BF4B-00C04F79EFBC}") = "BlazingBlog.Application", "BlazingBlog.Application\BlazingBlog.Application.csproj", "{440020C0-DC97-48AB-B790-6B242ED9B1F0}"
EndProject
Project("{FAE04EC0-301F-11D3-BF4B-00C04F79EFBC}") = "BlazingBlog.Infrastructure", "BlazingBlog.Infrastructure\BlazingBlog.Infrastructure.csproj", "{780B67A9-14F3-4501-A2CB-2CCF5F01EB92}"
EndProject
Global
	GlobalSection(SolutionConfigurationPlatforms) = preSolution
		Debug|Any CPU = Debug|Any CPU
		Release|Any CPU = Release|Any CPU
	EndGlobalSection
	GlobalSection(ProjectConfigurationPlatforms) = postSolution
		{31ECCBC1-0887-48AF-BD5C-FF35657058AD}.Debug|Any CPU.ActiveCfg = Debug|Any CPU
		{31ECCBC1-0887-48AF-BD5C-FF35657058AD}.Debug|Any CPU.Build.0 = Debug|Any CPU
		{31ECCBC1-0887-48AF-BD5C-FF35657058AD}.Release|Any CPU.ActiveCfg = Release|Any CPU
		{31ECCBC1-0887-48AF-BD5C-FF35657058AD}.Release|Any CPU.Build.0 = Release|Any CPU
		{804C8C62-9D93-4EF1-B5DF-C5B689E934DD}.Debug|Any CPU.ActiveCfg = Debug|Any CPU
		{804C8C62-9D93-4EF1-B5DF-C5B689E934DD}.Debug|Any CPU.Build.0 = Debug|Any CPU
		{804C8C62-9D93-4EF1-B5DF-C5B689E934DD}.Release|Any CPU.ActiveCfg = Release|Any CPU
		{804C8C62-9D93-4EF1-B5DF-C5B689E934DD}.Release|Any CPU.Build.0 = Release|Any CPU
		{440020C0-DC97-48AB-B790-6B242ED9B1F0}.Debug|Any CPU.ActiveCfg = Debug|Any CPU
		{440020C0-DC97-48AB-B790-6B242ED9B1F0}.Debug|Any CPU.Build.0 = Debug|Any CPU
		{440020C0-DC97-48AB-B790-6B242ED9B1F0}.Release|Any CPU.ActiveCfg = Release|Any CPU
		{440020C0-DC97-48AB-B790-6B242ED9B1F0}.Release|Any CPU.Build.0 = Release|Any CPU
		{780B67A9-14F3-4501-A2CB-2CCF5F01EB92}.Debug|Any CPU.ActiveCfg = Debug|Any CPU
		{780B67A9-14F3-4501-A2CB-2CCF5F01EB92}.Debug|Any CPU.Build.0 = Debug|Any CPU
		{780B67A9-14F3-4501-A2CB-2CCF5F01EB92}.Release|Any CPU.ActiveCfg = Release|Any CPU
		{780B67A9-14F3-4501-A2CB-2CCF5F01EB92}.Release|Any CPU.Build.0 = Release|Any CPU
	EndGlobalSection
	GlobalSection(SolutionProperties) = preSolution
		HideSolutionNode = FALSE
	EndGlobalSection
	GlobalSection(NestedProjects) = preSolution
		{31ECCBC1-0887-48AF-BD5C-FF35657058AD} = {FCE01653-77CC-4363-A488-914F82730EAE}
		{804C8C62-9D93-4EF1-B5DF-C5B689E934DD} = {FCE01653-77CC-4363-A488-914F82730EAE}
		{440020C0-DC97-48AB-B790-6B242ED9B1F0} = {FCE01653-77CC-4363-A488-914F82730EAE}
		{780B67A9-14F3-4501-A2CB-2CCF5F01EB92} = {FCE01653-77CC-4363-A488-914F82730EAE}
	EndGlobalSection
	GlobalSection(ExtensibilityGlobals) = postSolution
		SolutionGuid = {3BB03DCE-2854-4B39-A01D-5F3F4E409231}
	EndGlobalSection
EndGlobal
